
Microsoft Visual Studio Solution File, Format Version 12.00
# Visual Studio Version 16
VisualStudioVersion = 16.0.28803.452
MinimumVisualStudioVersion = 10.0.40219.1
Project("{8BC9CEB8-8B4A-11D0-8D11-00A0C91BC942}") = "DK_HW4", "DK_HW4.vcxproj", "{F3E37BD4-9DCD-426B-8644-A482C9794B14}"
EndProject
Global
	GlobalSection(SolutionConfigurationPlatforms) = preSolution
		Debug|x64 = Debug|x64
		Debug|x86 = Debug|x86
		Release|x64 = Release|x64
		Release|x86 = Release|x86
	EndGlobalSection
	GlobalSection(ProjectConfigurationPlatforms) = postSolution
		{F3E37BD4-9DCD-426B-8644-A482C9794B14}.Debug|x64.ActiveCfg = Debug|x64
		{F3E37BD4-9DCD-426B-8644-A482C9794B14}.Debug|x64.Build.0 = Debug|x64
		{F3E37BD4-9DCD-426B-8644-A482C9794B14}.Debug|x86.ActiveCfg = Debug|Win32
		{F3E37BD4-9DCD-426B-8644-A482C9794B14}.Debug|x86.Build.0 = Debug|Win32
		{F3E37BD4-9DCD-426B-8644-A482C9794B14}.Release|x64.ActiveCfg = Release|x64
		{F3E37BD4-9DCD-426B-8644-A482C9794B14}.Release|x64.Build.0 = Release|x64
		{F3E37BD4-9DCD-426B-8644-A482C9794B14}.Release|x86.ActiveCfg = Release|Win32
		{F3E37BD4-9DCD-426B-8644-A482C9794B14}.Release|x86.Build.0 = Release|Win32
	EndGlobalSection
	GlobalSection(SolutionProperties) = preSolution
		HideSolutionNode = FALSE
	EndGlobalSection
	GlobalSection(ExtensibilityGlobals) = postSolution
		SolutionGuid = {542FA0C2-6CDF-4623-8FDF-61C96B979357}
	EndGlobalSection
EndGlobal
